// !$*UTF8*$!
{
	archiveVersion = 1;
	classes = {
	};
	objectVersion = 50;
	objects = {

/* Begin PBXBuildFile section */
		1B8EE4EE22A8D63A00E101C1 /* AppDelegate.swift in Sources */ = {isa = PBXBuildFile; fileRef = 1B8EE4ED22A8D63A00E101C1 /* AppDelegate.swift */; };
		1B8EE4F022A8D63A00E101C1 /* SceneDelegate.swift in Sources */ = {isa = PBXBuildFile; fileRef = 1B8EE4EF22A8D63A00E101C1 /* SceneDelegate.swift */; };
		1B8EE4F222A8D63A00E101C1 /* ContentView.swift in Sources */ = {isa = PBXBuildFile; fileRef = 1B8EE4F122A8D63A00E101C1 /* ContentView.swift */; };
		1B8EE4F422A8D63B00E101C1 /* Assets.xcassets in Resources */ = {isa = PBXBuildFile; fileRef = 1B8EE4F322A8D63B00E101C1 /* Assets.xcassets */; };
		1B8EE4F722A8D63B00E101C1 /* Preview Assets.xcassets in Resources */ = {isa = PBXBuildFile; fileRef = 1B8EE4F622A8D63B00E101C1 /* Preview Assets.xcassets */; };
		1B8EE4FA22A8D63B00E101C1 /* LaunchScreen.storyboard in Resources */ = {isa = PBXBuildFile; fileRef = 1B8EE4F822A8D63B00E101C1 /* LaunchScreen.storyboard */; };
/* End PBXBuildFile section */

/* Begin PBXFileReference section */
		1B8EE4EA22A8D63A00E101C1 /* Workshop Test.app */ = {isa = PBXFileReference; explicitFileType = wrapper.application; includeInIndex = 0; path = "Workshop Test.app"; sourceTree = BUILT_PRODUCTS_DIR; };
		1B8EE4ED22A8D63A00E101C1 /* AppDelegate.swift */ = {isa = PBXFileReference; lastKnownFileType = sourcecode.swift; path = AppDelegate.swift; sourceTree = "<group>"; };
		1B8EE4EF22A8D63A00E101C1 /* SceneDelegate.swift */ = {isa = PBXFileReference; lastKnownFileType = sourcecode.swift; path = SceneDelegate.swift; sourceTree = "<group>"; };
		1B8EE4F122A8D63A00E101C1 /* ContentView.swift */ = {isa = PBXFileReference; lastKnownFileType = sourcecode.swift; path = ContentView.swift; sourceTree = "<group>"; };
		1B8EE4F322A8D63B00E101C1 /* Assets.xcassets */ = {isa = PBXFileReference; lastKnownFileType = folder.assetcatalog; path = Assets.xcassets; sourceTree = "<group>"; };
		1B8EE4F622A8D63B00E101C1 /* Preview Assets.xcassets */ = {isa = PBXFileReference; lastKnownFileType = folder.assetcatalog; path = "Preview Assets.xcassets"; sourceTree = "<group>"; };
		1B8EE4F922A8D63B00E101C1 /* Base */ = {isa = PBXFileReference; lastKnownFileType = file.storyboard; name = Base; path = Base.lproj/LaunchScreen.storyboard; sourceTree = "<group>"; };
		1B8EE4FB22A8D63B00E101C1 /* Info.plist */ = {isa = PBXFileReference; lastKnownFileType = text.plist.xml; path = Info.plist; sourceTree = "<group>"; };
/* End PBXFileReference section */

/* Begin PBXFrameworksBuildPhase section */
		1B8EE4E722A8D63A00E101C1 /* Frameworks */ = {
			isa = PBXFrameworksBuildPhase;
			buildActionMask = 2147483647;
			files = (
			);
			runOnlyForDeploymentPostprocessing = 0;
		};
/* End PBXFrameworksBuildPhase section */

/* Begin PBXGroup section */
		1B8EE4E122A8D63A00E101C1 = {
			isa = PBXGroup;
			children = (
				1B8EE4EC22A8D63A00E101C1 /* Workshop Test */,
				1B8EE4EB22A8D63A00E101C1 /* Products */,
			);
			sourceTree = "<group>";
		};
		1B8EE4EB22A8D63A00E101C1 /* Products */ = {
			isa = PBXGroup;
			children = (
				1B8EE4EA22A8D63A00E101C1 /* Workshop Test.app */,
			);
			name = Products;
			sourceTree = "<group>";
		};
		1B8EE4EC22A8D63A00E101C1 /* Workshop Test */ = {
			isa = PBXGroup;
			children = (
				1B8EE4ED22A8D63A00E101C1 /* AppDelegate.swift */,
				1B8EE4EF22A8D63A00E101C1 /* SceneDelegate.swift */,
				1B8EE4F122A8D63A00E101C1 /* ContentView.swift */,
				1B8EE4F322A8D63B00E101C1 /* Assets.xcassets */,
				1B8EE4F822A8D63B00E101C1 /* LaunchScreen.storyboard */,
				1B8EE4FB22A8D63B00E101C1 /* Info.plist */,
				1B8EE4F522A8D63B00E101C1 /* Preview Content */,
			);
			path = "Workshop Test";
			sourceTree = "<group>";
		};
		1B8EE4F522A8D63B00E101C1 /* Preview Content */ = {
			isa = PBXGroup;
			children = (
				1B8EE4F622A8D63B00E101C1 /* Preview Assets.xcassets */,
			);
			path = "Preview Content";
			sourceTree = "<group>";
		};
/* End PBXGroup section */

/* Begin PBXNativeTarget section */
		1B8EE4E922A8D63A00E101C1 /* Workshop Test */ = {
			isa = PBXNativeTarget;
			buildConfigurationList = 1B8EE4FE22A8D63B00E101C1 /* Build configuration list for PBXNativeTarget "Workshop Test" */;
			buildPhases = (
				1B8EE4E622A8D63A00E101C1 /* Sources */,
				1B8EE4E722A8D63A00E101C1 /* Frameworks */,
				1B8EE4E822A8D63A00E101C1 /* Resources */,
			);
			buildRules = (
			);
			dependencies = (
			);
			name = "Workshop Test";
			productName = "Workshop Test";
			productReference = 1B8EE4EA22A8D63A00E101C1 /* Workshop Test.app */;
			productType = "com.apple.product-type.application";
		};
/* End PBXNativeTarget section */

/* Begin PBXProject section */
		1B8EE4E222A8D63A00E101C1 /* Project object */ = {
			isa = PBXProject;
			attributes = {
				LastSwiftUpdateCheck = 1100;
				LastUpgradeCheck = 1100;
				ORGANIZATIONNAME = wizage;
				TargetAttributes = {
					1B8EE4E922A8D63A00E101C1 = {
						CreatedOnToolsVersion = 11.0;
					};
				};
			};
			buildConfigurationList = 1B8EE4E522A8D63A00E101C1 /* Build configuration list for PBXProject "Workshop Test" */;
			compatibilityVersion = "Xcode 9.3";
			developmentRegion = en;
			hasScannedForEncodings = 0;
			knownRegions = (
				en,
				Base,
			);
			mainGroup = 1B8EE4E122A8D63A00E101C1;
			productRefGroup = 1B8EE4EB22A8D63A00E101C1 /* Products */;
			projectDirPath = "";
			projectRoot = "";
			targets = (
				1B8EE4E922A8D63A00E101C1 /* Workshop Test */,
			);
		};
/* End PBXProject section */

/* Begin PBXResourcesBuildPhase section */
		1B8EE4E822A8D63A00E101C1 /* Resources */ = {
			isa = PBXResourcesBuildPhase;
			buildActionMask = 2147483647;
			files = (
				1B8EE4FA22A8D63B00E101C1 /* LaunchScreen.storyboard in Resources */,
				1B8EE4F722A8D63B00E101C1 /* Preview Assets.xcassets in Resources */,
				1B8EE4F422A8D63B00E101C1 /* Assets.xcassets in Resources */,
			);
			runOnlyForDeploymentPostprocessing = 0;
		};
/* End PBXResourcesBuildPhase section */

/* Begin PBXSourcesBuildPhase section */
		1B8EE4E622A8D63A00E101C1 /* Sources */ = {
			isa = PBXSourcesBuildPhase;
			buildActionMask = 2147483647;
			files = (
				1B8EE4EE22A8D63A00E101C1 /* AppDelegate.swift in Sources */,
				1B8EE4F022A8D63A00E101C1 /* SceneDelegate.swift in Sources */,
				1B8EE4F222A8D63A00E101C1 /* ContentView.swift in Sources */,
			);
			runOnlyForDeploymentPostprocessing = 0;
		};
/* End PBXSourcesBuildPhase section */

/* Begin PBXVariantGroup section */
		1B8EE4F822A8D63B00E101C1 /* LaunchScreen.storyboard */ = {
			isa = PBXVariantGroup;
			children = (
				1B8EE4F922A8D63B00E101C1 /* Base */,
			);
			name = LaunchScreen.storyboard;
			sourceTree = "<group>";
		};
/* End PBXVariantGroup section */

/* Begin XCBuildConfiguration section */
		1B8EE4FC22A8D63B00E101C1 /* Debug */ = {
			isa = XCBuildConfiguration;
			buildSettings = {
				ALWAYS_SEARCH_USER_PATHS = NO;
				CLANG_ANALYZER_NONNULL = YES;
				CLANG_ANALYZER_NUMBER_OBJECT_CONVERSION = YES_AGGRESSIVE;
				CLANG_CXX_LANGUAGE_STANDARD = "gnu++14";
				CLANG_CXX_LIBRARY = "libc++";
				CLANG_ENABLE_MODULES = YES;
				CLANG_ENABLE_OBJC_ARC = YES;
				CLANG_ENABLE_OBJC_WEAK = YES;
				CLANG_WARN_BLOCK_CAPTURE_AUTORELEASING = YES;
				CLANG_WARN_BOOL_CONVERSION = YES;
				CLANG_WARN_COMMA = YES;
				CLANG_WARN_CONSTANT_CONVERSION = YES;
				CLANG_WARN_DEPRECATED_OBJC_IMPLEMENTATIONS = YES;
				CLANG_WARN_DIRECT_OBJC_ISA_USAGE = YES_ERROR;
				CLANG_WARN_DOCUMENTATION_COMMENTS = YES;
				CLANG_WARN_EMPTY_BODY = YES;
				CLANG_WARN_ENUM_CONVERSION = YES;
				CLANG_WARN_INFINITE_RECURSION = YES;
				CLANG_WARN_INT_CONVERSION = YES;
				CLANG_WARN_NON_LITERAL_NULL_CONVERSION = YES;
				CLANG_WARN_OBJC_IMPLICIT_RETAIN_SELF = YES;
				CLANG_WARN_OBJC_LITERAL_CONVERSION = YES;
				CLANG_WARN_OBJC_ROOT_CLASS = YES_ERROR;
				CLANG_WARN_RANGE_LOOP_ANALYSIS = YES;
				CLANG_WARN_STRICT_PROTOTYPES = YES;
				CLANG_WARN_SUSPICIOUS_MOVE = YES;
				CLANG_WARN_UNGUARDED_AVAILABILITY = YES_AGGRESSIVE;
				CLANG_WARN_UNREACHABLE_CODE = YES;
				CLANG_WARN__DUPLICATE_METHOD_MATCH = YES;
				COPY_PHASE_STRIP = NO;
				DEBUG_INFORMATION_FORMAT = dwarf;
				ENABLE_STRICT_OBJC_MSGSEND = YES;
				ENABLE_TESTABILITY = YES;
				GCC_C_LANGUAGE_STANDARD = gnu11;
				GCC_DYNAMIC_NO_PIC = NO;
				GCC_NO_COMMON_BLOCKS = YES;
				GCC_OPTIMIZATION_LEVEL = 0;
				GCC_PREPROCESSOR_DEFINITIONS = (
					"DEBUG=1",
					"$(inherited)",
				);
				GCC_WARN_64_TO_32_BIT_CONVERSION = YES;
				GCC_WARN_ABOUT_RETURN_TYPE = YES_ERROR;
				GCC_WARN_UNDECLARED_SELECTOR = YES;
				GCC_WARN_UNINITIALIZED_AUTOS = YES_AGGRESSIVE;
				GCC_WARN_UNUSED_FUNCTION = YES;
				GCC_WARN_UNUSED_VARIABLE = YES;
				IPHONEOS_DEPLOYMENT_TARGET = 13.0;
				MTL_ENABLE_DEBUG_INFO = INCLUDE_SOURCE;
				MTL_FAST_MATH = YES;
				ONLY_ACTIVE_ARCH = YES;
				SDKROOT = iphoneos;
				SWIFT_ACTIVE_COMPILATION_CONDITIONS = DEBUG;
				SWIFT_OPTIMIZATION_LEVEL = "-Onone";
			};
			name = Debug;
		};
		1B8EE4FD22A8D63B00E101C1 /* Release */ = {
			isa = XCBuildConfiguration;
			buildSettings = {
				ALWAYS_SEARCH_USER_PATHS = NO;
				CLANG_ANALYZER_NONNULL = YES;
				CLANG_ANALYZER_NUMBER_OBJECT_CONVERSION = YES_AGGRESSIVE;
				CLANG_CXX_LANGUAGE_STANDARD = "gnu++14";
				CLANG_CXX_LIBRARY = "libc++";
				CLANG_ENABLE_MODULES = YES;
				CLANG_ENABLE_OBJC_ARC = YES;
				CLANG_ENABLE_OBJC_WEAK = YES;
				CLANG_WARN_BLOCK_CAPTURE_AUTORELEASING = YES;
				CLANG_WARN_BOOL_CONVERSION = YES;
				CLANG_WARN_COMMA = YES;
				CLANG_WARN_CONSTANT_CONVERSION = YES;
				CLANG_WARN_DEPRECATED_OBJC_IMPLEMENTATIONS = YES;
				CLANG_WARN_DIRECT_OBJC_ISA_USAGE = YES_ERROR;
				CLANG_WARN_DOCUMENTATION_COMMENTS = YES;
				CLANG_WARN_EMPTY_BODY = YES;
				CLANG_WARN_ENUM_CONVERSION = YES;
				CLANG_WARN_INFINITE_RECURSION = YES;
				CLANG_WARN_INT_CONVERSION = YES;
				CLANG_WARN_NON_LITERAL_NULL_CONVERSION = YES;
				CLANG_WARN_OBJC_IMPLICIT_RETAIN_SELF = YES;
				CLANG_WARN_OBJC_LITERAL_CONVERSION = YES;
				CLANG_WARN_OBJC_ROOT_CLASS = YES_ERROR;
				CLANG_WARN_RANGE_LOOP_ANALYSIS = YES;
				CLANG_WARN_STRICT_PROTOTYPES = YES;
				CLANG_WARN_SUSPICIOUS_MOVE = YES;
				CLANG_WARN_UNGUARDED_AVAILABILITY = YES_AGGRESSIVE;
				CLANG_WARN_UNREACHABLE_CODE = YES;
				CLANG_WARN__DUPLICATE_METHOD_MATCH = YES;
				COPY_PHASE_STRIP = NO;
				DEBUG_INFORMATION_FORMAT = "dwarf-with-dsym";
				ENABLE_NS_ASSERTIONS = NO;
				ENABLE_STRICT_OBJC_MSGSEND = YES;
				GCC_C_LANGUAGE_STANDARD = gnu11;
				GCC_NO_COMMON_BLOCKS = YES;
				GCC_WARN_64_TO_32_BIT_CONVERSION = YES;
				GCC_WARN_ABOUT_RETURN_TYPE = YES_ERROR;
				GCC_WARN_UNDECLARED_SELECTOR = YES;
				GCC_WARN_UNINITIALIZED_AUTOS = YES_AGGRESSIVE;
				GCC_WARN_UNUSED_FUNCTION = YES;
				GCC_WARN_UNUSED_VARIABLE = YES;
				IPHONEOS_DEPLOYMENT_TARGET = 13.0;
				MTL_ENABLE_DEBUG_INFO = NO;
				MTL_FAST_MATH = YES;
				SDKROOT = iphoneos;
				SWIFT_COMPILATION_MODE = wholemodule;
				SWIFT_OPTIMIZATION_LEVEL = "-O";
				VALIDATE_PRODUCT = YES;
			};
			name = Release;
		};
		1B8EE4FF22A8D63B00E101C1 /* Debug */ = {
			isa = XCBuildConfiguration;
			buildSettings = {
				ASSETCATALOG_COMPILER_APPICON_NAME = AppIcon;
				CODE_SIGN_STYLE = Automatic;
				DEVELOPMENT_ASSET_PATHS = "\"Workshop Test\"/Preview\\ Content";
				DEVELOPMENT_TEAM = AMP8A5BDX8;
				ENABLE_PREVIEWS = YES;
				INFOPLIST_FILE = "Workshop Test/Info.plist";
				LD_RUNPATH_SEARCH_PATHS = (
					"$(inherited)",
					"@executable_path/Frameworks",
				);
				PRODUCT_BUNDLE_IDENTIFIER = "com.wizage.Workshop-Test";
				PRODUCT_NAME = "$(TARGET_NAME)";
				SWIFT_VERSION = 5.0;
				TARGETED_DEVICE_FAMILY = "1,2";
			};
			name = Debug;
		};
		1B8EE50022A8D63B00E101C1 /* Release */ = {
			isa = XCBuildConfiguration;
			buildSettings = {
				ASSETCATALOG_COMPILER_APPICON_NAME = AppIcon;
				CODE_SIGN_STYLE = Automatic;
				DEVELOPMENT_ASSET_PATHS = "\"Workshop Test\"/Preview\\ Content";
				DEVELOPMENT_TEAM = AMP8A5BDX8;
				ENABLE_PREVIEWS = YES;
				INFOPLIST_FILE = "Workshop Test/Info.plist";
				LD_RUNPATH_SEARCH_PATHS = (
					"$(inherited)",
					"@executable_path/Frameworks",
				);
				PRODUCT_BUNDLE_IDENTIFIER = "com.wizage.Workshop-Test";
				PRODUCT_NAME = "$(TARGET_NAME)";
				SWIFT_VERSION = 5.0;
				TARGETED_DEVICE_FAMILY = "1,2";
			};
			name = Release;
		};
/* End XCBuildConfiguration section */

/* Begin XCConfigurationList section */
		1B8EE4E522A8D63A00E101C1 /* Build configuration list for PBXProject "Workshop Test" */ = {
			isa = XCConfigurationList;
			buildConfigurations = (
				1B8EE4FC22A8D63B00E101C1 /* Debug */,
				1B8EE4FD22A8D63B00E101C1 /* Release */,
			);
			defaultConfigurationIsVisible = 0;
			defaultConfigurationName = Release;
		};
		1B8EE4FE22A8D63B00E101C1 /* Build configuration list for PBXNativeTarget "Workshop Test" */ = {
			isa = XCConfigurationList;
			buildConfigurations = (
				1B8EE4FF22A8D63B00E101C1 /* Debug */,
				1B8EE50022A8D63B00E101C1 /* Release */,
			);
			defaultConfigurationIsVisible = 0;
			defaultConfigurationName = Release;
		};
/* End XCConfigurationList section */
	};
	rootObject = 1B8EE4E222A8D63A00E101C1 /* Project object */;
}
