// !$*UTF8*$!
{
	archiveVersion = 1;
	classes = {
	};
	objectVersion = 51;
	objects = {

/* Begin PBXBuildFile section */
		009A029F76943BB3515909B5 /* Pods_Workshop_Test.framework in Frameworks */ = {isa = PBXBuildFile; fileRef = F2C8A224C4301CF73573EAF5 /* Pods_Workshop_Test.framework */; };
		1B8EE4EE22A8D63A00E101C1 /* AppDelegate.swift in Sources */ = {isa = PBXBuildFile; fileRef = 1B8EE4ED22A8D63A00E101C1 /* AppDelegate.swift */; };
		1B8EE4F022A8D63A00E101C1 /* SceneDelegate.swift in Sources */ = {isa = PBXBuildFile; fileRef = 1B8EE4EF22A8D63A00E101C1 /* SceneDelegate.swift */; };
		1B8EE4F222A8D63A00E101C1 /* ContentView.swift in Sources */ = {isa = PBXBuildFile; fileRef = 1B8EE4F122A8D63A00E101C1 /* ContentView.swift */; };
		1B8EE4F422A8D63B00E101C1 /* Assets.xcassets in Resources */ = {isa = PBXBuildFile; fileRef = 1B8EE4F322A8D63B00E101C1 /* Assets.xcassets */; };
		1B8EE4F722A8D63B00E101C1 /* Preview Assets.xcassets in Resources */ = {isa = PBXBuildFile; fileRef = 1B8EE4F622A8D63B00E101C1 /* Preview Assets.xcassets */; };
		1B8EE4FA22A8D63B00E101C1 /* LaunchScreen.storyboard in Resources */ = {isa = PBXBuildFile; fileRef = 1B8EE4F822A8D63B00E101C1 /* LaunchScreen.storyboard */; };
		1B8EE50222A8D96700E101C1 /* TalkStore.swift in Sources */ = {isa = PBXBuildFile; fileRef = 1B8EE50122A8D96700E101C1 /* TalkStore.swift */; };
		1BC84F3322AFFB0000F458A8 /* DetailView.swift in Sources */ = {isa = PBXBuildFile; fileRef = 1BC84F3222AFFB0000F458A8 /* DetailView.swift */; };
		1BC84F3522B0709D00F458A8 /* CreateTalkStore.swift in Sources */ = {isa = PBXBuildFile; fileRef = 1BC84F3422B0709D00F458A8 /* CreateTalkStore.swift */; };
		1BFA8FF122AB695400E641E6 /* TalkCell.swift in Sources */ = {isa = PBXBuildFile; fileRef = 1BFA8FF022AB695400E641E6 /* TalkCell.swift */; };
		1BFA8FF322AB69E000E641E6 /* AddTalk.swift in Sources */ = {isa = PBXBuildFile; fileRef = 1BFA8FF222AB69E000E641E6 /* AddTalk.swift */; };
		1BFA8FFC22AB710100E641E6 /* API.swift in Sources */ = {isa = PBXBuildFile; fileRef = 1BFA8FFB22AB710100E641E6 /* API.swift */; };
		1BFA8FFE22AB711600E641E6 /* awsconfiguration.json in Resources */ = {isa = PBXBuildFile; fileRef = 1BFA8FFD22AB711600E641E6 /* awsconfiguration.json */; };
/* End PBXBuildFile section */

/* Begin PBXFileReference section */
		1B8EE4EA22A8D63A00E101C1 /* Workshop Test.app */ = {isa = PBXFileReference; explicitFileType = wrapper.application; includeInIndex = 0; path = "Workshop Test.app"; sourceTree = BUILT_PRODUCTS_DIR; };
		1B8EE4ED22A8D63A00E101C1 /* AppDelegate.swift */ = {isa = PBXFileReference; lastKnownFileType = sourcecode.swift; path = AppDelegate.swift; sourceTree = "<group>"; };
		1B8EE4EF22A8D63A00E101C1 /* SceneDelegate.swift */ = {isa = PBXFileReference; lastKnownFileType = sourcecode.swift; path = SceneDelegate.swift; sourceTree = "<group>"; };
		1B8EE4F122A8D63A00E101C1 /* ContentView.swift */ = {isa = PBXFileReference; lastKnownFileType = sourcecode.swift; path = ContentView.swift; sourceTree = "<group>"; };
		1B8EE4F322A8D63B00E101C1 /* Assets.xcassets */ = {isa = PBXFileReference; lastKnownFileType = folder.assetcatalog; path = Assets.xcassets; sourceTree = "<group>"; };
		1B8EE4F622A8D63B00E101C1 /* Preview Assets.xcassets */ = {isa = PBXFileReference; lastKnownFileType = folder.assetcatalog; path = "Preview Assets.xcassets"; sourceTree = "<group>"; };
		1B8EE4F922A8D63B00E101C1 /* Base */ = {isa = PBXFileReference; lastKnownFileType = file.storyboard; name = Base; path = Base.lproj/LaunchScreen.storyboard; sourceTree = "<group>"; };
		1B8EE4FB22A8D63B00E101C1 /* Info.plist */ = {isa = PBXFileReference; lastKnownFileType = text.plist.xml; path = Info.plist; sourceTree = "<group>"; };
		1B8EE50122A8D96700E101C1 /* TalkStore.swift */ = {isa = PBXFileReference; lastKnownFileType = sourcecode.swift; path = TalkStore.swift; sourceTree = "<group>"; };
		1BC84F3222AFFB0000F458A8 /* DetailView.swift */ = {isa = PBXFileReference; lastKnownFileType = sourcecode.swift; path = DetailView.swift; sourceTree = "<group>"; };
		1BC84F3422B0709D00F458A8 /* CreateTalkStore.swift */ = {isa = PBXFileReference; lastKnownFileType = sourcecode.swift; path = CreateTalkStore.swift; sourceTree = "<group>"; };
		1BFA8FCA22AAE13100E641E6 /* Workshop Test.entitlements */ = {isa = PBXFileReference; lastKnownFileType = text.plist.entitlements; path = "Workshop Test.entitlements"; sourceTree = "<group>"; };
		1BFA8FF022AB695400E641E6 /* TalkCell.swift */ = {isa = PBXFileReference; lastKnownFileType = sourcecode.swift; path = TalkCell.swift; sourceTree = "<group>"; };
		1BFA8FF222AB69E000E641E6 /* AddTalk.swift */ = {isa = PBXFileReference; lastKnownFileType = sourcecode.swift; path = AddTalk.swift; sourceTree = "<group>"; };
		1BFA8FFB22AB710100E641E6 /* API.swift */ = {isa = PBXFileReference; fileEncoding = 4; lastKnownFileType = sourcecode.swift; path = API.swift; sourceTree = "<group>"; };
		1BFA8FFD22AB711600E641E6 /* awsconfiguration.json */ = {isa = PBXFileReference; fileEncoding = 4; lastKnownFileType = text.json; path = awsconfiguration.json; sourceTree = "<group>"; };
		871705AB0EBFCE6DD84D56D7 /* Pods-Workshop Test.debug.xcconfig */ = {isa = PBXFileReference; includeInIndex = 1; lastKnownFileType = text.xcconfig; name = "Pods-Workshop Test.debug.xcconfig"; path = "Target Support Files/Pods-Workshop Test/Pods-Workshop Test.debug.xcconfig"; sourceTree = "<group>"; };
		C351E6963AEA767AAB742923 /* Pods-Workshop Test.release.xcconfig */ = {isa = PBXFileReference; includeInIndex = 1; lastKnownFileType = text.xcconfig; name = "Pods-Workshop Test.release.xcconfig"; path = "Target Support Files/Pods-Workshop Test/Pods-Workshop Test.release.xcconfig"; sourceTree = "<group>"; };
		F2C8A224C4301CF73573EAF5 /* Pods_Workshop_Test.framework */ = {isa = PBXFileReference; explicitFileType = wrapper.framework; includeInIndex = 0; path = Pods_Workshop_Test.framework; sourceTree = BUILT_PRODUCTS_DIR; };
/* End PBXFileReference section */

/* Begin PBXFrameworksBuildPhase section */
		1B8EE4E722A8D63A00E101C1 /* Frameworks */ = {
			isa = PBXFrameworksBuildPhase;
			buildActionMask = 2147483647;
			files = (
				009A029F76943BB3515909B5 /* Pods_Workshop_Test.framework in Frameworks */,
			);
			runOnlyForDeploymentPostprocessing = 0;
		};
/* End PBXFrameworksBuildPhase section */

/* Begin PBXGroup section */
		1B8EE4E122A8D63A00E101C1 = {
			isa = PBXGroup;
			children = (
				1B8EE4EC22A8D63A00E101C1 /* Workshop Test */,
				1B8EE4EB22A8D63A00E101C1 /* Products */,
				30CE3B49D530E31715F5E70E /* Pods */,
				C356CF497514BD6F65715BE6 /* Frameworks */,
			);
			sourceTree = "<group>";
		};
		1B8EE4EB22A8D63A00E101C1 /* Products */ = {
			isa = PBXGroup;
			children = (
				1B8EE4EA22A8D63A00E101C1 /* Workshop Test.app */,
			);
			name = Products;
			sourceTree = "<group>";
		};
		1B8EE4EC22A8D63A00E101C1 /* Workshop Test */ = {
			isa = PBXGroup;
			children = (
				1B8EE4F522A8D63B00E101C1 /* Preview Content */,
				1BFA8FFA22AB70C000E641E6 /* Backend */,
				1BFA8FF922AB70B200E641E6 /* Delegates */,
				1BFA8FF522AB706500E641E6 /* Views */,
				1BFA8FF822AB709B00E641E6 /* Assets */,
				1BFA8FFF22AB712800E641E6 /* Misc */,
			);
			path = "Workshop Test";
			sourceTree = "<group>";
		};
		1B8EE4F522A8D63B00E101C1 /* Preview Content */ = {
			isa = PBXGroup;
			children = (
				1B8EE4F622A8D63B00E101C1 /* Preview Assets.xcassets */,
			);
			path = "Preview Content";
			sourceTree = "<group>";
		};
		1BC84F3122AFFAE800F458A8 /* DetailView */ = {
			isa = PBXGroup;
			children = (
				1BC84F3222AFFB0000F458A8 /* DetailView.swift */,
			);
			path = DetailView;
			sourceTree = "<group>";
		};
		1BFA8FF522AB706500E641E6 /* Views */ = {
			isa = PBXGroup;
			children = (
				1BC84F3122AFFAE800F458A8 /* DetailView */,
				1BFA8FF722AB707800E641E6 /* ListView */,
				1BFA900022AB713C00E641E6 /* AddView */,
			);
			path = Views;
			sourceTree = "<group>";
		};
		1BFA8FF722AB707800E641E6 /* ListView */ = {
			isa = PBXGroup;
			children = (
				1B8EE4F122A8D63A00E101C1 /* ContentView.swift */,
				1BFA8FF022AB695400E641E6 /* TalkCell.swift */,
			);
			path = ListView;
			sourceTree = "<group>";
		};
		1BFA8FF822AB709B00E641E6 /* Assets */ = {
			isa = PBXGroup;
			children = (
				1B8EE4F322A8D63B00E101C1 /* Assets.xcassets */,
				1B8EE4F822A8D63B00E101C1 /* LaunchScreen.storyboard */,
			);
			path = Assets;
			sourceTree = "<group>";
		};
		1BFA8FF922AB70B200E641E6 /* Delegates */ = {
			isa = PBXGroup;
			children = (
				1B8EE4ED22A8D63A00E101C1 /* AppDelegate.swift */,
				1B8EE4EF22A8D63A00E101C1 /* SceneDelegate.swift */,
			);
			path = Delegates;
			sourceTree = "<group>";
		};
		1BFA8FFA22AB70C000E641E6 /* Backend */ = {
			isa = PBXGroup;
			children = (
				1BFA8FFB22AB710100E641E6 /* API.swift */,
				1BFA8FFD22AB711600E641E6 /* awsconfiguration.json */,
				1B8EE50122A8D96700E101C1 /* TalkStore.swift */,
				1BC84F3422B0709D00F458A8 /* CreateTalkStore.swift */,
			);
			path = Backend;
			sourceTree = "<group>";
		};
		1BFA8FFF22AB712800E641E6 /* Misc */ = {
			isa = PBXGroup;
			children = (
				1BFA8FCA22AAE13100E641E6 /* Workshop Test.entitlements */,
				1B8EE4FB22A8D63B00E101C1 /* Info.plist */,
			);
			name = Misc;
			sourceTree = "<group>";
		};
		1BFA900022AB713C00E641E6 /* AddView */ = {
			isa = PBXGroup;
			children = (
				1BFA8FF222AB69E000E641E6 /* AddTalk.swift */,
			);
			path = AddView;
			sourceTree = "<group>";
		};
		30CE3B49D530E31715F5E70E /* Pods */ = {
			isa = PBXGroup;
			children = (
				871705AB0EBFCE6DD84D56D7 /* Pods-Workshop Test.debug.xcconfig */,
				C351E6963AEA767AAB742923 /* Pods-Workshop Test.release.xcconfig */,
			);
			path = Pods;
			sourceTree = "<group>";
		};
		C356CF497514BD6F65715BE6 /* Frameworks */ = {
			isa = PBXGroup;
			children = (
				F2C8A224C4301CF73573EAF5 /* Pods_Workshop_Test.framework */,
			);
			name = Frameworks;
			sourceTree = "<group>";
		};
/* End PBXGroup section */

/* Begin PBXNativeTarget section */
		1B8EE4E922A8D63A00E101C1 /* Workshop Test */ = {
			isa = PBXNativeTarget;
			buildConfigurationList = 1B8EE4FE22A8D63B00E101C1 /* Build configuration list for PBXNativeTarget "Workshop Test" */;
			buildPhases = (
				A3C9E03BCCDF3460F83994BD /* [CP] Check Pods Manifest.lock */,
				1B8EE4E622A8D63A00E101C1 /* Sources */,
				1B8EE4E722A8D63A00E101C1 /* Frameworks */,
				1B8EE4E822A8D63A00E101C1 /* Resources */,
				AF09332F4FC665BB0D7DF274 /* [CP] Embed Pods Frameworks */,
			);
			buildRules = (
			);
			dependencies = (
			);
			name = "Workshop Test";
			productName = "Workshop Test";
			productReference = 1B8EE4EA22A8D63A00E101C1 /* Workshop Test.app */;
			productType = "com.apple.product-type.application";
		};
/* End PBXNativeTarget section */

/* Begin PBXProject section */
		1B8EE4E222A8D63A00E101C1 /* Project object */ = {
			isa = PBXProject;
			attributes = {
				LastSwiftUpdateCheck = 1100;
				LastUpgradeCheck = 1100;
				ORGANIZATIONNAME = wizage;
				TargetAttributes = {
					1B8EE4E922A8D63A00E101C1 = {
						CreatedOnToolsVersion = 11.0;
					};
				};
			};
			buildConfigurationList = 1B8EE4E522A8D63A00E101C1 /* Build configuration list for PBXProject "Workshop Test" */;
			compatibilityVersion = "Xcode 9.3";
			developmentRegion = en;
			hasScannedForEncodings = 0;
			knownRegions = (
				en,
				Base,
			);
			mainGroup = 1B8EE4E122A8D63A00E101C1;
			productRefGroup = 1B8EE4EB22A8D63A00E101C1 /* Products */;
			projectDirPath = "";
			projectRoot = "";
			targets = (
				1B8EE4E922A8D63A00E101C1 /* Workshop Test */,
			);
		};
/* End PBXProject section */

/* Begin PBXResourcesBuildPhase section */
		1B8EE4E822A8D63A00E101C1 /* Resources */ = {
			isa = PBXResourcesBuildPhase;
			buildActionMask = 2147483647;
			files = (
				1BFA8FFE22AB711600E641E6 /* awsconfiguration.json in Resources */,
				1B8EE4FA22A8D63B00E101C1 /* LaunchScreen.storyboard in Resources */,
				1B8EE4F722A8D63B00E101C1 /* Preview Assets.xcassets in Resources */,
				1B8EE4F422A8D63B00E101C1 /* Assets.xcassets in Resources */,
			);
			runOnlyForDeploymentPostprocessing = 0;
		};
/* End PBXResourcesBuildPhase section */

/* Begin PBXShellScriptBuildPhase section */
		A3C9E03BCCDF3460F83994BD /* [CP] Check Pods Manifest.lock */ = {
			isa = PBXShellScriptBuildPhase;
			buildActionMask = 2147483647;
			files = (
			);
			inputFileListPaths = (
			);
			inputPaths = (
				"${PODS_PODFILE_DIR_PATH}/Podfile.lock",
				"${PODS_ROOT}/Manifest.lock",
			);
			name = "[CP] Check Pods Manifest.lock";
			outputFileListPaths = (
			);
			outputPaths = (
				"$(DERIVED_FILE_DIR)/Pods-Workshop Test-checkManifestLockResult.txt",
			);
			runOnlyForDeploymentPostprocessing = 0;
			shellPath = /bin/sh;
			shellScript = "diff \"${PODS_PODFILE_DIR_PATH}/Podfile.lock\" \"${PODS_ROOT}/Manifest.lock\" > /dev/null\nif [ $? != 0 ] ; then\n    # print error to STDERR\n    echo \"error: The sandbox is not in sync with the Podfile.lock. Run 'pod install' or update your CocoaPods installation.\" >&2\n    exit 1\nfi\n# This output is used by Xcode 'outputs' to avoid re-running this script phase.\necho \"SUCCESS\" > \"${SCRIPT_OUTPUT_FILE_0}\"\n";
			showEnvVarsInLog = 0;
		};
		AF09332F4FC665BB0D7DF274 /* [CP] Embed Pods Frameworks */ = {
			isa = PBXShellScriptBuildPhase;
			buildActionMask = 2147483647;
			files = (
			);
			inputFileListPaths = (
				"${PODS_ROOT}/Target Support Files/Pods-Workshop Test/Pods-Workshop Test-frameworks-${CONFIGURATION}-input-files.xcfilelist",
			);
			name = "[CP] Embed Pods Frameworks";
			outputFileListPaths = (
				"${PODS_ROOT}/Target Support Files/Pods-Workshop Test/Pods-Workshop Test-frameworks-${CONFIGURATION}-output-files.xcfilelist",
			);
			runOnlyForDeploymentPostprocessing = 0;
			shellPath = /bin/sh;
			shellScript = "\"${PODS_ROOT}/Target Support Files/Pods-Workshop Test/Pods-Workshop Test-frameworks.sh\"\n";
			showEnvVarsInLog = 0;
		};
/* End PBXShellScriptBuildPhase section */

/* Begin PBXSourcesBuildPhase section */
		1B8EE4E622A8D63A00E101C1 /* Sources */ = {
			isa = PBXSourcesBuildPhase;
			buildActionMask = 2147483647;
			files = (
				1B8EE4EE22A8D63A00E101C1 /* AppDelegate.swift in Sources */,
				1BC84F3322AFFB0000F458A8 /* DetailView.swift in Sources */,
				1BC84F3522B0709D00F458A8 /* CreateTalkStore.swift in Sources */,
				1B8EE4F022A8D63A00E101C1 /* SceneDelegate.swift in Sources */,
				1B8EE4F222A8D63A00E101C1 /* ContentView.swift in Sources */,
				1BFA8FF122AB695400E641E6 /* TalkCell.swift in Sources */,
				1B8EE50222A8D96700E101C1 /* TalkStore.swift in Sources */,
				1BFA8FFC22AB710100E641E6 /* API.swift in Sources */,
				1BFA8FF322AB69E000E641E6 /* AddTalk.swift in Sources */,
			);
			runOnlyForDeploymentPostprocessing = 0;
		};
/* End PBXSourcesBuildPhase section */

/* Begin PBXVariantGroup section */
		1B8EE4F822A8D63B00E101C1 /* LaunchScreen.storyboard */ = {
			isa = PBXVariantGroup;
			children = (
				1B8EE4F922A8D63B00E101C1 /* Base */,
			);
			name = LaunchScreen.storyboard;
			sourceTree = "<group>";
		};
/* End PBXVariantGroup section */

/* Begin XCBuildConfiguration section */
		1B8EE4FC22A8D63B00E101C1 /* Debug */ = {
			isa = XCBuildConfiguration;
			buildSettings = {
				ALWAYS_SEARCH_USER_PATHS = NO;
				CLANG_ANALYZER_NONNULL = YES;
				CLANG_ANALYZER_NUMBER_OBJECT_CONVERSION = YES_AGGRESSIVE;
				CLANG_CXX_LANGUAGE_STANDARD = "gnu++14";
				CLANG_CXX_LIBRARY = "libc++";
				CLANG_ENABLE_MODULES = YES;
				CLANG_ENABLE_OBJC_ARC = YES;
				CLANG_ENABLE_OBJC_WEAK = YES;
				CLANG_WARN_BLOCK_CAPTURE_AUTORELEASING = YES;
				CLANG_WARN_BOOL_CONVERSION = YES;
				CLANG_WARN_COMMA = YES;
				CLANG_WARN_CONSTANT_CONVERSION = YES;
				CLANG_WARN_DEPRECATED_OBJC_IMPLEMENTATIONS = YES;
				CLANG_WARN_DIRECT_OBJC_ISA_USAGE = YES_ERROR;
				CLANG_WARN_DOCUMENTATION_COMMENTS = YES;
				CLANG_WARN_EMPTY_BODY = YES;
				CLANG_WARN_ENUM_CONVERSION = YES;
				CLANG_WARN_INFINITE_RECURSION = YES;
				CLANG_WARN_INT_CONVERSION = YES;
				CLANG_WARN_NON_LITERAL_NULL_CONVERSION = YES;
				CLANG_WARN_OBJC_IMPLICIT_RETAIN_SELF = YES;
				CLANG_WARN_OBJC_LITERAL_CONVERSION = YES;
				CLANG_WARN_OBJC_ROOT_CLASS = YES_ERROR;
				CLANG_WARN_RANGE_LOOP_ANALYSIS = YES;
				CLANG_WARN_STRICT_PROTOTYPES = YES;
				CLANG_WARN_SUSPICIOUS_MOVE = YES;
				CLANG_WARN_UNGUARDED_AVAILABILITY = YES_AGGRESSIVE;
				CLANG_WARN_UNREACHABLE_CODE = YES;
				CLANG_WARN__DUPLICATE_METHOD_MATCH = YES;
				COPY_PHASE_STRIP = NO;
				DEBUG_INFORMATION_FORMAT = dwarf;
				ENABLE_STRICT_OBJC_MSGSEND = YES;
				ENABLE_TESTABILITY = YES;
				GCC_C_LANGUAGE_STANDARD = gnu11;
				GCC_DYNAMIC_NO_PIC = NO;
				GCC_NO_COMMON_BLOCKS = YES;
				GCC_OPTIMIZATION_LEVEL = 0;
				GCC_PREPROCESSOR_DEFINITIONS = (
					"DEBUG=1",
					"$(inherited)",
				);
				GCC_WARN_64_TO_32_BIT_CONVERSION = YES;
				GCC_WARN_ABOUT_RETURN_TYPE = YES_ERROR;
				GCC_WARN_UNDECLARED_SELECTOR = YES;
				GCC_WARN_UNINITIALIZED_AUTOS = YES_AGGRESSIVE;
				GCC_WARN_UNUSED_FUNCTION = YES;
				GCC_WARN_UNUSED_VARIABLE = YES;
				IPHONEOS_DEPLOYMENT_TARGET = 13.0;
				MTL_ENABLE_DEBUG_INFO = INCLUDE_SOURCE;
				MTL_FAST_MATH = YES;
				ONLY_ACTIVE_ARCH = YES;
				SDKROOT = iphoneos;
				SWIFT_ACTIVE_COMPILATION_CONDITIONS = DEBUG;
				SWIFT_OPTIMIZATION_LEVEL = "-Onone";
			};
			name = Debug;
		};
		1B8EE4FD22A8D63B00E101C1 /* Release */ = {
			isa = XCBuildConfiguration;
			buildSettings = {
				ALWAYS_SEARCH_USER_PATHS = NO;
				CLANG_ANALYZER_NONNULL = YES;
				CLANG_ANALYZER_NUMBER_OBJECT_CONVERSION = YES_AGGRESSIVE;
				CLANG_CXX_LANGUAGE_STANDARD = "gnu++14";
				CLANG_CXX_LIBRARY = "libc++";
				CLANG_ENABLE_MODULES = YES;
				CLANG_ENABLE_OBJC_ARC = YES;
				CLANG_ENABLE_OBJC_WEAK = YES;
				CLANG_WARN_BLOCK_CAPTURE_AUTORELEASING = YES;
				CLANG_WARN_BOOL_CONVERSION = YES;
				CLANG_WARN_COMMA = YES;
				CLANG_WARN_CONSTANT_CONVERSION = YES;
				CLANG_WARN_DEPRECATED_OBJC_IMPLEMENTATIONS = YES;
				CLANG_WARN_DIRECT_OBJC_ISA_USAGE = YES_ERROR;
				CLANG_WARN_DOCUMENTATION_COMMENTS = YES;
				CLANG_WARN_EMPTY_BODY = YES;
				CLANG_WARN_ENUM_CONVERSION = YES;
				CLANG_WARN_INFINITE_RECURSION = YES;
				CLANG_WARN_INT_CONVERSION = YES;
				CLANG_WARN_NON_LITERAL_NULL_CONVERSION = YES;
				CLANG_WARN_OBJC_IMPLICIT_RETAIN_SELF = YES;
				CLANG_WARN_OBJC_LITERAL_CONVERSION = YES;
				CLANG_WARN_OBJC_ROOT_CLASS = YES_ERROR;
				CLANG_WARN_RANGE_LOOP_ANALYSIS = YES;
				CLANG_WARN_STRICT_PROTOTYPES = YES;
				CLANG_WARN_SUSPICIOUS_MOVE = YES;
				CLANG_WARN_UNGUARDED_AVAILABILITY = YES_AGGRESSIVE;
				CLANG_WARN_UNREACHABLE_CODE = YES;
				CLANG_WARN__DUPLICATE_METHOD_MATCH = YES;
				COPY_PHASE_STRIP = NO;
				DEBUG_INFORMATION_FORMAT = "dwarf-with-dsym";
				ENABLE_NS_ASSERTIONS = NO;
				ENABLE_STRICT_OBJC_MSGSEND = YES;
				GCC_C_LANGUAGE_STANDARD = gnu11;
				GCC_NO_COMMON_BLOCKS = YES;
				GCC_WARN_64_TO_32_BIT_CONVERSION = YES;
				GCC_WARN_ABOUT_RETURN_TYPE = YES_ERROR;
				GCC_WARN_UNDECLARED_SELECTOR = YES;
				GCC_WARN_UNINITIALIZED_AUTOS = YES_AGGRESSIVE;
				GCC_WARN_UNUSED_FUNCTION = YES;
				GCC_WARN_UNUSED_VARIABLE = YES;
				IPHONEOS_DEPLOYMENT_TARGET = 13.0;
				MTL_ENABLE_DEBUG_INFO = NO;
				MTL_FAST_MATH = YES;
				SDKROOT = iphoneos;
				SWIFT_COMPILATION_MODE = wholemodule;
				SWIFT_OPTIMIZATION_LEVEL = "-O";
				VALIDATE_PRODUCT = YES;
			};
			name = Release;
		};
		1B8EE4FF22A8D63B00E101C1 /* Debug */ = {
			isa = XCBuildConfiguration;
			baseConfigurationReference = 871705AB0EBFCE6DD84D56D7 /* Pods-Workshop Test.debug.xcconfig */;
			buildSettings = {
				ASSETCATALOG_COMPILER_APPICON_NAME = AppIcon;
				CODE_SIGN_ENTITLEMENTS = "Workshop Test/Workshop Test.entitlements";
				CODE_SIGN_STYLE = Automatic;
				DEVELOPMENT_ASSET_PATHS = "\"Workshop Test\"/Preview\\ Content";
				DEVELOPMENT_TEAM = AMP8A5BDX8;
				ENABLE_PREVIEWS = YES;
				INFOPLIST_FILE = "Workshop Test/Info.plist";
				LD_RUNPATH_SEARCH_PATHS = (
					"$(inherited)",
					"@executable_path/Frameworks",
				);
				PRODUCT_BUNDLE_IDENTIFIER = "com.wizage.Workshop-Test";
				PRODUCT_NAME = "$(TARGET_NAME)";
				SUPPORTS_UIKITFORMAC = NO;
				SWIFT_VERSION = 5.0;
				TARGETED_DEVICE_FAMILY = "1,2";
			};
			name = Debug;
		};
		1B8EE50022A8D63B00E101C1 /* Release */ = {
			isa = XCBuildConfiguration;
			baseConfigurationReference = C351E6963AEA767AAB742923 /* Pods-Workshop Test.release.xcconfig */;
			buildSettings = {
				ASSETCATALOG_COMPILER_APPICON_NAME = AppIcon;
				CODE_SIGN_ENTITLEMENTS = "Workshop Test/Workshop Test.entitlements";
				CODE_SIGN_STYLE = Automatic;
				DEVELOPMENT_ASSET_PATHS = "\"Workshop Test\"/Preview\\ Content";
				DEVELOPMENT_TEAM = AMP8A5BDX8;
				ENABLE_PREVIEWS = YES;
				INFOPLIST_FILE = "Workshop Test/Info.plist";
				LD_RUNPATH_SEARCH_PATHS = (
					"$(inherited)",
					"@executable_path/Frameworks",
				);
				PRODUCT_BUNDLE_IDENTIFIER = "com.wizage.Workshop-Test";
				PRODUCT_NAME = "$(TARGET_NAME)";
				SUPPORTS_UIKITFORMAC = NO;
				SWIFT_VERSION = 5.0;
				TARGETED_DEVICE_FAMILY = "1,2";
			};
			name = Release;
		};
/* End XCBuildConfiguration section */

/* Begin XCConfigurationList section */
		1B8EE4E522A8D63A00E101C1 /* Build configuration list for PBXProject "Workshop Test" */ = {
			isa = XCConfigurationList;
			buildConfigurations = (
				1B8EE4FC22A8D63B00E101C1 /* Debug */,
				1B8EE4FD22A8D63B00E101C1 /* Release */,
			);
			defaultConfigurationIsVisible = 0;
			defaultConfigurationName = Release;
		};
		1B8EE4FE22A8D63B00E101C1 /* Build configuration list for PBXNativeTarget "Workshop Test" */ = {
			isa = XCConfigurationList;
			buildConfigurations = (
				1B8EE4FF22A8D63B00E101C1 /* Debug */,
				1B8EE50022A8D63B00E101C1 /* Release */,
			);
			defaultConfigurationIsVisible = 0;
			defaultConfigurationName = Release;
		};
/* End XCConfigurationList section */
	};
	rootObject = 1B8EE4E222A8D63A00E101C1 /* Project object */;
}
